
Microsoft Visual Studio Solution File, Format Version 12.00
# Visual Studio Version 16
VisualStudioVersion = 16.0.810.20
MinimumVisualStudioVersion = 10.0.40219.1
Project("{FAE04EC0-301F-11D3-BF4B-00C04F79EFBC}") = "API", "API\API.csproj", "{988675BF-2247-4CA3-BCC3-D7B5398489EF}"
EndProject
Global
	GlobalSection(SolutionConfigurationPlatforms) = preSolution
		Debug|Any CPU = Debug|Any CPU
		Release|Any CPU = Release|Any CPU
	EndGlobalSection
	GlobalSection(ProjectConfigurationPlatforms) = postSolution
		{988675BF-2247-4CA3-BCC3-D7B5398489EF}.Debug|Any CPU.ActiveCfg = Debug|Any CPU
		{988675BF-2247-4CA3-BCC3-D7B5398489EF}.Debug|Any CPU.Build.0 = Debug|Any CPU
		{988675BF-2247-4CA3-BCC3-D7B5398489EF}.Release|Any CPU.ActiveCfg = Release|Any CPU
		{988675BF-2247-4CA3-BCC3-D7B5398489EF}.Release|Any CPU.Build.0 = Release|Any CPU
	EndGlobalSection
	GlobalSection(SolutionProperties) = preSolution
		HideSolutionNode = FALSE
	EndGlobalSection
	GlobalSection(ExtensibilityGlobals) = postSolution
		SolutionGuid = {CFF1E2EF-FF8D-4842-8E91-BC5347CE210F}
	EndGlobalSection
EndGlobal
